{
  "name": "hw2",
  "version": "1.0.0",
  "lockfileVersion": 1,
  "requires": true,
  "dependencies": {
    "genetic-js": {
      "version": "0.1.14",
      "resolved": "https://registry.npmjs.org/genetic-js/-/genetic-js-0.1.14.tgz",
      "integrity": "sha1-8qiEyAfn6uqg7bj1rIj98I9IaOE="
    },
    "object-assign": {
      "version": "4.1.1",
      "resolved": "https://registry.npmjs.org/object-assign/-/object-assign-4.1.1.tgz",
      "integrity": "sha1-IQmtx5ZYh8/AXLvUQsrIv7s2CGM="
    },
    "random-normal": {
      "version": "1.0.0",
      "resolved": "https://registry.npmjs.org/random-normal/-/random-normal-1.0.0.tgz",
      "integrity": "sha1-2qC1+kyusVloF4M48qxS5jpuRok=",
      "requires": {
        "object-assign": "^4.0.1"
      }
    }
  }
}
