{
  "name": "hw1",
  "version": "1.0.0",
  "lockfileVersion": 1,
  "requires": true,
  "dependencies": {
    "genetic-js": {
      "version": "0.1.14",
      "resolved": "https://registry.npmjs.org/genetic-js/-/genetic-js-0.1.14.tgz",
      "integrity": "sha1-8qiEyAfn6uqg7bj1rIj98I9IaOE="
    },
    "js-graph-algorithms": {
      "version": "1.0.18",
      "resolved": "https://registry.npmjs.org/js-graph-algorithms/-/js-graph-algorithms-1.0.18.tgz",
      "integrity": "sha1-+W7Ie/GU9cCjE2X6Dh0Ht7li2JE="
    }
  }
}
